Microsoft Visual Studio Solution File, Format Version 12.00
# Visual Studio 15
VisualStudioVersion = 15.0.28010.0
MinimumVisualStudioVersion = 10.0.40219.1
Project("{FAE04EC0-301F-11D3-BF4B-00C04F79EFBC}") = "Occupa.Android", "Occupa.Android\Occupa.Android.csproj", "{9F1686D5-0A75-47A1-BEC8-F6FE4A774EE1}"
EndProject
Project("{FAE04EC0-301F-11D3-BF4B-00C04F79EFBC}") = "Occupa.iOS", "Occupa.iOS\Occupa.iOS.csproj", "{3907CD95-3597-4BD2-953D-E1ECE540355C}"
EndProject
Project("{9A19103F-16F7-4668-BE54-9A1E7A4F7556}") = "Occupa", "Occupa\Occupa.csproj", "{B37FED80-F7A8-4887-9647-AAABBE4118F2}"
EndProject
Global
	GlobalSection(SolutionConfigurationPlatforms) = preSolution
		Ad-Hoc|Any CPU = Ad-Hoc|Any CPU
		Ad-Hoc|iPhone = Ad-Hoc|iPhone
		Ad-Hoc|iPhoneSimulator = Ad-Hoc|iPhoneSimulator
		AppStore|Any CPU = AppStore|Any CPU
		AppStore|iPhone = AppStore|iPhone
		AppStore|iPhoneSimulator = AppStore|iPhoneSimulator
		Debug|Any CPU = Debug|Any CPU
		Debug|iPhone = Debug|iPhone
		Debug|iPhoneSimulator = Debug|iPhoneSimulator
		Release|Any CPU = Release|Any CPU
		Release|iPhone = Release|iPhone
		Release|iPhoneSimulator = Release|iPhoneSimulator
	EndGlobalSection
	GlobalSection(ProjectConfigurationPlatforms) = postSolution
		{9F1686D5-0A75-47A1-BEC8-F6FE4A774EE1}.Ad-Hoc|Any CPU.ActiveCfg = Release|Any CPU
		{9F1686D5-0A75-47A1-BEC8-F6FE4A774EE1}.Ad-Hoc|Any CPU.Build.0 = Release|Any CPU
		{9F1686D5-0A75-47A1-BEC8-F6FE4A774EE1}.Ad-Hoc|Any CPU.Deploy.0 = Release|Any CPU
		{9F1686D5-0A75-47A1-BEC8-F6FE4A774EE1}.Ad-Hoc|iPhone.ActiveCfg = Debug|Any CPU
		{9F1686D5-0A75-47A1-BEC8-F6FE4A774EE1}.Ad-Hoc|iPhone.Build.0 = Debug|Any CPU
		{9F1686D5-0A75-47A1-BEC8-F6FE4A774EE1}.Ad-Hoc|iPhoneSimulator.ActiveCfg = Release|Any CPU
		{9F1686D5-0A75-47A1-BEC8-F6FE4A774EE1}.Ad-Hoc|iPhoneSimulator.Build.0 = Release|Any CPU
		{9F1686D5-0A75-47A1-BEC8-F6FE4A774EE1}.Ad-Hoc|iPhoneSimulator.Deploy.0 = Release|Any CPU
		{9F1686D5-0A75-47A1-BEC8-F6FE4A774EE1}.AppStore|Any CPU.ActiveCfg = Release|Any CPU
		{9F1686D5-0A75-47A1-BEC8-F6FE4A774EE1}.AppStore|Any CPU.Build.0 = Release|Any CPU
		{9F1686D5-0A75-47A1-BEC8-F6FE4A774EE1}.AppStore|Any CPU.Deploy.0 = Release|Any CPU
		{9F1686D5-0A75-47A1-BEC8-F6FE4A774EE1}.AppStore|iPhone.ActiveCfg = Debug|Any CPU
		{9F1686D5-0A75-47A1-BEC8-F6FE4A774EE1}.AppStore|iPhone.Build.0 = Debug|Any CPU
		{9F1686D5-0A75-47A1-BEC8-F6FE4A774EE1}.AppStore|iPhoneSimulator.ActiveCfg = Release|Any CPU
		{9F1686D5-0A75-47A1-BEC8-F6FE4A774EE1}.AppStore|iPhoneSimulator.Build.0 = Release|Any CPU
		{9F1686D5-0A75-47A1-BEC8-F6FE4A774EE1}.AppStore|iPhoneSimulator.Deploy.0 = Release|Any CPU
		{9F1686D5-0A75-47A1-BEC8-F6FE4A774EE1}.Debug|Any CPU.ActiveCfg = Debug|Any CPU
		{9F1686D5-0A75-47A1-BEC8-F6FE4A774EE1}.Debug|Any CPU.Build.0 = Debug|Any CPU
		{9F1686D5-0A75-47A1-BEC8-F6FE4A774EE1}.Debug|Any CPU.Deploy.0 = Debug|Any CPU
		{9F1686D5-0A75-47A1-BEC8-F6FE4A774EE1}.Debug|iPhone.ActiveCfg = Debug|Any CPU
		{9F1686D5-0A75-47A1-BEC8-F6FE4A774EE1}.Debug|iPhone.Build.0 = Debug|Any CPU
		{9F1686D5-0A75-47A1-BEC8-F6FE4A774EE1}.Debug|iPhoneSimulator.ActiveCfg = Debug|Any CPU
		{9F1686D5-0A75-47A1-BEC8-F6FE4A774EE1}.Debug|iPhoneSimulator.Build.0 = Debug|Any CPU
		{9F1686D5-0A75-47A1-BEC8-F6FE4A774EE1}.Release|Any CPU.ActiveCfg = Release|Any CPU
		{9F1686D5-0A75-47A1-BEC8-F6FE4A774EE1}.Release|Any CPU.Build.0 = Release|Any CPU
		{9F1686D5-0A75-47A1-BEC8-F6FE4A774EE1}.Release|iPhone.ActiveCfg = Release|Any CPU
		{9F1686D5-0A75-47A1-BEC8-F6FE4A774EE1}.Release|iPhone.Build.0 = Release|Any CPU
		{9F1686D5-0A75-47A1-BEC8-F6FE4A774EE1}.Release|iPhoneSimulator.ActiveCfg = Release|Any CPU
		{9F1686D5-0A75-47A1-BEC8-F6FE4A774EE1}.Release|iPhoneSimulator.Build.0 = Release|Any CPU
		{3907CD95-3597-4BD2-953D-E1ECE540355C}.Ad-Hoc|Any CPU.ActiveCfg = Ad-Hoc|iPhoneSimulator
		{3907CD95-3597-4BD2-953D-E1ECE540355C}.Ad-Hoc|iPhone.ActiveCfg = Ad-Hoc|iPhone
		{3907CD95-3597-4BD2-953D-E1ECE540355C}.Ad-Hoc|iPhone.Build.0 = Ad-Hoc|iPhone
		{3907CD95-3597-4BD2-953D-E1ECE540355C}.Ad-Hoc|iPhoneSimulator.ActiveCfg = Ad-Hoc|iPhoneSimulator
		{3907CD95-3597-4BD2-953D-E1ECE540355C}.Ad-Hoc|iPhoneSimulator.Build.0 = Ad-Hoc|iPhoneSimulator
		{3907CD95-3597-4BD2-953D-E1ECE540355C}.AppStore|Any CPU.ActiveCfg = AppStore|iPhoneSimulator
		{3907CD95-3597-4BD2-953D-E1ECE540355C}.AppStore|iPhone.ActiveCfg = AppStore|iPhone
		{3907CD95-3597-4BD2-953D-E1ECE540355C}.AppStore|iPhone.Build.0 = AppStore|iPhone
		{3907CD95-3597-4BD2-953D-E1ECE540355C}.AppStore|iPhoneSimulator.ActiveCfg = AppStore|iPhoneSimulator
		{3907CD95-3597-4BD2-953D-E1ECE540355C}.AppStore|iPhoneSimulator.Build.0 = AppStore|iPhoneSimulator
		{3907CD95-3597-4BD2-953D-E1ECE540355C}.Debug|Any CPU.ActiveCfg = Debug|iPhoneSimulator
		{3907CD95-3597-4BD2-953D-E1ECE540355C}.Debug|iPhone.ActiveCfg = Debug|iPhone
		{3907CD95-3597-4BD2-953D-E1ECE540355C}.Debug|iPhone.Build.0 = Debug|iPhone
		{3907CD95-3597-4BD2-953D-E1ECE540355C}.Debug|iPhoneSimulator.ActiveCfg = Debug|iPhoneSimulator
		{3907CD95-3597-4BD2-953D-E1ECE540355C}.Debug|iPhoneSimulator.Build.0 = Debug|iPhoneSimulator
		{3907CD95-3597-4BD2-953D-E1ECE540355C}.Release|Any CPU.ActiveCfg = Release|iPhoneSimulator
		{3907CD95-3597-4BD2-953D-E1ECE540355C}.Release|Any CPU.Build.0 = Release|iPhoneSimulator
		{3907CD95-3597-4BD2-953D-E1ECE540355C}.Release|iPhone.ActiveCfg = Release|iPhone
		{3907CD95-3597-4BD2-953D-E1ECE540355C}.Release|iPhone.Build.0 = Release|iPhone
		{3907CD95-3597-4BD2-953D-E1ECE540355C}.Release|iPhoneSimulator.ActiveCfg = Release|iPhoneSimulator
		{3907CD95-3597-4BD2-953D-E1ECE540355C}.Release|iPhoneSimulator.Build.0 = Release|iPhoneSimulator
		{B37FED80-F7A8-4887-9647-AAABBE4118F2}.Ad-Hoc|Any CPU.ActiveCfg = Release|Any CPU
		{B37FED80-F7A8-4887-9647-AAABBE4118F2}.Ad-Hoc|Any CPU.Build.0 = Release|Any CPU
		{B37FED80-F7A8-4887-9647-AAABBE4118F2}.Ad-Hoc|iPhone.ActiveCfg = Debug|Any CPU
		{B37FED80-F7A8-4887-9647-AAABBE4118F2}.Ad-Hoc|iPhone.Build.0 = Debug|Any CPU
		{B37FED80-F7A8-4887-9647-AAABBE4118F2}.Ad-Hoc|iPhoneSimulator.ActiveCfg = Release|Any CPU
		{B37FED80-F7A8-4887-9647-AAABBE4118F2}.Ad-Hoc|iPhoneSimulator.Build.0 = Release|Any CPU
		{B37FED80-F7A8-4887-9647-AAABBE4118F2}.AppStore|Any CPU.ActiveCfg = Release|Any CPU
		{B37FED80-F7A8-4887-9647-AAABBE4118F2}.AppStore|Any CPU.Build.0 = Release|Any CPU
		{B37FED80-F7A8-4887-9647-AAABBE4118F2}.AppStore|iPhone.ActiveCfg = Debug|Any CPU
		{B37FED80-F7A8-4887-9647-AAABBE4118F2}.AppStore|iPhone.Build.0 = Debug|Any CPU
		{B37FED80-F7A8-4887-9647-AAABBE4118F2}.AppStore|iPhoneSimulator.ActiveCfg = Release|Any CPU
		{B37FED80-F7A8-4887-9647-AAABBE4118F2}.AppStore|iPhoneSimulator.Build.0 = Release|Any CPU
		{B37FED80-F7A8-4887-9647-AAABBE4118F2}.Debug|Any CPU.ActiveCfg = Debug|Any CPU
		{B37FED80-F7A8-4887-9647-AAABBE4118F2}.Debug|Any CPU.Build.0 = Debug|Any CPU
		{B37FED80-F7A8-4887-9647-AAABBE4118F2}.Debug|iPhone.ActiveCfg = Debug|Any CPU
		{B37FED80-F7A8-4887-9647-AAABBE4118F2}.Debug|iPhone.Build.0 = Debug|Any CPU
		{B37FED80-F7A8-4887-9647-AAABBE4118F2}.Debug|iPhoneSimulator.ActiveCfg = Debug|Any CPU
		{B37FED80-F7A8-4887-9647-AAABBE4118F2}.Debug|iPhoneSimulator.Build.0 = Debug|Any CPU
		{B37FED80-F7A8-4887-9647-AAABBE4118F2}.Release|Any CPU.ActiveCfg = Release|Any CPU
		{B37FED80-F7A8-4887-9647-AAABBE4118F2}.Release|Any CPU.Build.0 = Release|Any CPU
		{B37FED80-F7A8-4887-9647-AAABBE4118F2}.Release|iPhone.ActiveCfg = Release|Any CPU
		{B37FED80-F7A8-4887-9647-AAABBE4118F2}.Release|iPhone.Build.0 = Release|Any CPU
		{B37FED80-F7A8-4887-9647-AAABBE4118F2}.Release|iPhoneSimulator.ActiveCfg = Release|Any CPU
		{B37FED80-F7A8-4887-9647-AAABBE4118F2}.Release|iPhoneSimulator.Build.0 = Release|Any CPU
	EndGlobalSection
	GlobalSection(SolutionProperties) = preSolution
		HideSolutionNode = FALSE
	EndGlobalSection
	GlobalSection(ExtensibilityGlobals) = postSolution
		SolutionGuid = {D59B66E1-9ECA-44D6-8638-E72AE88F690F}
	EndGlobalSection
EndGlobal
