
Microsoft Visual Studio Solution File, Format Version 12.00
# Visual Studio 15
Project("{FAE04EC0-301F-11D3-BF4B-00C04F79EFBC}") = "Occupa.Android", "Occupa.Android\Occupa.Android.csproj", "{A84BE8F2-DC24-4193-B10F-D49FED59ED3F}"
EndProject
Project("{FAE04EC0-301F-11D3-BF4B-00C04F79EFBC}") = "Occupa.iOS", "Occupa.iOS\Occupa.iOS.csproj", "{5FBBA10E-B6F7-40FC-B70E-74864E6B8FB0}"
EndProject
Project("{FAE04EC0-301F-11D3-BF4B-00C04F79EFBC}") = "Occupa", "Occupa\Occupa.csproj", "{5DA8DE03-7C59-460D-BF61-C98992B8E490}"
EndProject
Global
	GlobalSection(SolutionConfigurationPlatforms) = preSolution
		Debug|Any CPU = Debug|Any CPU
		Release|Any CPU = Release|Any CPU
		Debug|iPhoneSimulator = Debug|iPhoneSimulator
		Release|iPhoneSimulator = Release|iPhoneSimulator
		Debug|iPhone = Debug|iPhone
		Release|iPhone = Release|iPhone
	EndGlobalSection
	GlobalSection(ProjectConfigurationPlatforms) = postSolution
		{A84BE8F2-DC24-4193-B10F-D49FED59ED3F}.Debug|Any CPU.ActiveCfg = Debug|Any CPU
		{A84BE8F2-DC24-4193-B10F-D49FED59ED3F}.Debug|Any CPU.Build.0 = Debug|Any CPU
		{A84BE8F2-DC24-4193-B10F-D49FED59ED3F}.Release|Any CPU.ActiveCfg = Release|Any CPU
		{A84BE8F2-DC24-4193-B10F-D49FED59ED3F}.Release|Any CPU.Build.0 = Release|Any CPU
		{A84BE8F2-DC24-4193-B10F-D49FED59ED3F}.Debug|iPhoneSimulator.ActiveCfg = Debug|Any CPU
		{A84BE8F2-DC24-4193-B10F-D49FED59ED3F}.Debug|iPhoneSimulator.Build.0 = Debug|Any CPU
		{A84BE8F2-DC24-4193-B10F-D49FED59ED3F}.Release|iPhoneSimulator.ActiveCfg = Release|Any CPU
		{A84BE8F2-DC24-4193-B10F-D49FED59ED3F}.Release|iPhoneSimulator.Build.0 = Release|Any CPU
		{A84BE8F2-DC24-4193-B10F-D49FED59ED3F}.Debug|iPhone.ActiveCfg = Debug|Any CPU
		{A84BE8F2-DC24-4193-B10F-D49FED59ED3F}.Debug|iPhone.Build.0 = Debug|Any CPU
		{A84BE8F2-DC24-4193-B10F-D49FED59ED3F}.Release|iPhone.ActiveCfg = Release|Any CPU
		{A84BE8F2-DC24-4193-B10F-D49FED59ED3F}.Release|iPhone.Build.0 = Release|Any CPU
		{5FBBA10E-B6F7-40FC-B70E-74864E6B8FB0}.Debug|Any CPU.ActiveCfg = Debug|iPhoneSimulator
		{5FBBA10E-B6F7-40FC-B70E-74864E6B8FB0}.Debug|Any CPU.Build.0 = Debug|iPhoneSimulator
		{5FBBA10E-B6F7-40FC-B70E-74864E6B8FB0}.Release|Any CPU.ActiveCfg = Release|iPhoneSimulator
		{5FBBA10E-B6F7-40FC-B70E-74864E6B8FB0}.Release|Any CPU.Build.0 = Release|iPhoneSimulator
		{5FBBA10E-B6F7-40FC-B70E-74864E6B8FB0}.Debug|iPhoneSimulator.ActiveCfg = Debug|iPhoneSimulator
		{5FBBA10E-B6F7-40FC-B70E-74864E6B8FB0}.Debug|iPhoneSimulator.Build.0 = Debug|iPhoneSimulator
		{5FBBA10E-B6F7-40FC-B70E-74864E6B8FB0}.Release|iPhoneSimulator.ActiveCfg = Release|iPhoneSimulator
		{5FBBA10E-B6F7-40FC-B70E-74864E6B8FB0}.Release|iPhoneSimulator.Build.0 = Release|iPhoneSimulator
		{5FBBA10E-B6F7-40FC-B70E-74864E6B8FB0}.Debug|iPhone.ActiveCfg = Debug|iPhone
		{5FBBA10E-B6F7-40FC-B70E-74864E6B8FB0}.Debug|iPhone.Build.0 = Debug|iPhone
		{5FBBA10E-B6F7-40FC-B70E-74864E6B8FB0}.Release|iPhone.ActiveCfg = Release|iPhone
		{5FBBA10E-B6F7-40FC-B70E-74864E6B8FB0}.Release|iPhone.Build.0 = Release|iPhone
		{5DA8DE03-7C59-460D-BF61-C98992B8E490}.Debug|Any CPU.ActiveCfg = Debug|Any CPU
		{5DA8DE03-7C59-460D-BF61-C98992B8E490}.Debug|Any CPU.Build.0 = Debug|Any CPU
		{5DA8DE03-7C59-460D-BF61-C98992B8E490}.Release|Any CPU.ActiveCfg = Release|Any CPU
		{5DA8DE03-7C59-460D-BF61-C98992B8E490}.Release|Any CPU.Build.0 = Release|Any CPU
		{5DA8DE03-7C59-460D-BF61-C98992B8E490}.Debug|iPhoneSimulator.ActiveCfg = Debug|Any CPU
		{5DA8DE03-7C59-460D-BF61-C98992B8E490}.Debug|iPhoneSimulator.Build.0 = Debug|Any CPU
		{5DA8DE03-7C59-460D-BF61-C98992B8E490}.Release|iPhoneSimulator.ActiveCfg = Release|Any CPU
		{5DA8DE03-7C59-460D-BF61-C98992B8E490}.Release|iPhoneSimulator.Build.0 = Release|Any CPU
		{5DA8DE03-7C59-460D-BF61-C98992B8E490}.Debug|iPhone.ActiveCfg = Debug|Any CPU
		{5DA8DE03-7C59-460D-BF61-C98992B8E490}.Debug|iPhone.Build.0 = Debug|Any CPU
		{5DA8DE03-7C59-460D-BF61-C98992B8E490}.Release|iPhone.ActiveCfg = Release|Any CPU
		{5DA8DE03-7C59-460D-BF61-C98992B8E490}.Release|iPhone.Build.0 = Release|Any CPU
	EndGlobalSection
EndGlobal
