Microsoft Visual Studio Solution File, Format Version 12.00
# Visual Studio 15
VisualStudioVersion = 15.0.28307.136
MinimumVisualStudioVersion = 10.0.40219.1
Project("{FAE04EC0-301F-11D3-BF4B-00C04F79EFBC}") = "occupaTab.iOS", "occupaTab.iOS\occupaTab.iOS.csproj", "{F7AE28E0-74F2-42FB-86BA-77F2555237F5}"
EndProject
Project("{9A19103F-16F7-4668-BE54-9A1E7A4F7556}") = "occupaTab", "occupaTab\occupaTab.csproj", "{4919150D-2757-4F9E-B560-70CDC57E01BB}"
EndProject
Project("{FAE04EC0-301F-11D3-BF4B-00C04F79EFBC}") = "occupaTab.Android", "occupaTab.Android\occupaTab.Android.csproj", "{000F99E0-5BBB-4508-93B8-7D7561C56039}"
EndProject
Global
	GlobalSection(SolutionConfigurationPlatforms) = preSolution
		Debug|Any CPU = Debug|Any CPU
		Debug|iPhone = Debug|iPhone
		Debug|iPhoneSimulator = Debug|iPhoneSimulator
		Release|Any CPU = Release|Any CPU
		Release|iPhone = Release|iPhone
		Release|iPhoneSimulator = Release|iPhoneSimulator
	EndGlobalSection
	GlobalSection(ProjectConfigurationPlatforms) = postSolution
		{F7AE28E0-74F2-42FB-86BA-77F2555237F5}.Debug|Any CPU.ActiveCfg = Debug|iPhoneSimulator
		{F7AE28E0-74F2-42FB-86BA-77F2555237F5}.Debug|Any CPU.Build.0 = Debug|iPhoneSimulator
		{F7AE28E0-74F2-42FB-86BA-77F2555237F5}.Debug|iPhone.ActiveCfg = Debug|iPhone
		{F7AE28E0-74F2-42FB-86BA-77F2555237F5}.Debug|iPhone.Build.0 = Debug|iPhone
		{F7AE28E0-74F2-42FB-86BA-77F2555237F5}.Debug|iPhoneSimulator.ActiveCfg = Debug|iPhoneSimulator
		{F7AE28E0-74F2-42FB-86BA-77F2555237F5}.Debug|iPhoneSimulator.Build.0 = Debug|iPhoneSimulator
		{F7AE28E0-74F2-42FB-86BA-77F2555237F5}.Release|Any CPU.ActiveCfg = Release|iPhoneSimulator
		{F7AE28E0-74F2-42FB-86BA-77F2555237F5}.Release|Any CPU.Build.0 = Release|iPhoneSimulator
		{F7AE28E0-74F2-42FB-86BA-77F2555237F5}.Release|iPhone.ActiveCfg = Release|iPhone
		{F7AE28E0-74F2-42FB-86BA-77F2555237F5}.Release|iPhone.Build.0 = Release|iPhone
		{F7AE28E0-74F2-42FB-86BA-77F2555237F5}.Release|iPhoneSimulator.ActiveCfg = Release|iPhoneSimulator
		{F7AE28E0-74F2-42FB-86BA-77F2555237F5}.Release|iPhoneSimulator.Build.0 = Release|iPhoneSimulator
		{4919150D-2757-4F9E-B560-70CDC57E01BB}.Debug|Any CPU.ActiveCfg = Debug|Any CPU
		{4919150D-2757-4F9E-B560-70CDC57E01BB}.Debug|Any CPU.Build.0 = Debug|Any CPU
		{4919150D-2757-4F9E-B560-70CDC57E01BB}.Debug|iPhone.ActiveCfg = Debug|Any CPU
		{4919150D-2757-4F9E-B560-70CDC57E01BB}.Debug|iPhone.Build.0 = Debug|Any CPU
		{4919150D-2757-4F9E-B560-70CDC57E01BB}.Debug|iPhoneSimulator.ActiveCfg = Debug|Any CPU
		{4919150D-2757-4F9E-B560-70CDC57E01BB}.Debug|iPhoneSimulator.Build.0 = Debug|Any CPU
		{4919150D-2757-4F9E-B560-70CDC57E01BB}.Release|Any CPU.ActiveCfg = Release|Any CPU
		{4919150D-2757-4F9E-B560-70CDC57E01BB}.Release|Any CPU.Build.0 = Release|Any CPU
		{4919150D-2757-4F9E-B560-70CDC57E01BB}.Release|iPhone.ActiveCfg = Release|Any CPU
		{4919150D-2757-4F9E-B560-70CDC57E01BB}.Release|iPhone.Build.0 = Release|Any CPU
		{4919150D-2757-4F9E-B560-70CDC57E01BB}.Release|iPhoneSimulator.ActiveCfg = Release|Any CPU
		{4919150D-2757-4F9E-B560-70CDC57E01BB}.Release|iPhoneSimulator.Build.0 = Release|Any CPU
		{000F99E0-5BBB-4508-93B8-7D7561C56039}.Debug|Any CPU.ActiveCfg = Debug|Any CPU
		{000F99E0-5BBB-4508-93B8-7D7561C56039}.Debug|Any CPU.Build.0 = Debug|Any CPU
		{000F99E0-5BBB-4508-93B8-7D7561C56039}.Debug|Any CPU.Deploy.0 = Debug|Any CPU
		{000F99E0-5BBB-4508-93B8-7D7561C56039}.Debug|iPhone.ActiveCfg = Debug|Any CPU
		{000F99E0-5BBB-4508-93B8-7D7561C56039}.Debug|iPhone.Build.0 = Debug|Any CPU
		{000F99E0-5BBB-4508-93B8-7D7561C56039}.Debug|iPhoneSimulator.ActiveCfg = Debug|Any CPU
		{000F99E0-5BBB-4508-93B8-7D7561C56039}.Debug|iPhoneSimulator.Build.0 = Debug|Any CPU
		{000F99E0-5BBB-4508-93B8-7D7561C56039}.Release|Any CPU.ActiveCfg = Release|Any CPU
		{000F99E0-5BBB-4508-93B8-7D7561C56039}.Release|Any CPU.Build.0 = Release|Any CPU
		{000F99E0-5BBB-4508-93B8-7D7561C56039}.Release|iPhone.ActiveCfg = Release|Any CPU
		{000F99E0-5BBB-4508-93B8-7D7561C56039}.Release|iPhone.Build.0 = Release|Any CPU
		{000F99E0-5BBB-4508-93B8-7D7561C56039}.Release|iPhoneSimulator.ActiveCfg = Release|Any CPU
		{000F99E0-5BBB-4508-93B8-7D7561C56039}.Release|iPhoneSimulator.Build.0 = Release|Any CPU
	EndGlobalSection
	GlobalSection(SolutionProperties) = preSolution
		HideSolutionNode = FALSE
	EndGlobalSection
	GlobalSection(ExtensibilityGlobals) = postSolution
		SolutionGuid = {6F5DB98D-4A9A-4F27-9432-880E7972EB49}
	EndGlobalSection
EndGlobal
